{
	"name": "path-fixxer",
	"version": "0.0.1",
	"lockfileVersion": 2,
	"requires": true,
	"packages": {
		"": {
			"name": "path-fixxer",
			"version": "0.0.1",
			"license": "MIT",
			"dependencies": {
				"es-module-lexer": "^1.1.0",
				"magic-string": "^0.26.7"
			},
			"engines": {
				"node": ">=16.14"
			}
		},
		"node_modules/es-module-lexer": {
			"version": "1.1.0",
			"resolved": "https://registry.npmjs.org/es-module-lexer/-/es-module-lexer-1.1.0.tgz",
			"integrity": "sha512-fJg+1tiyEeS8figV+fPcPpm8WqJEflG3yPU0NOm5xMvrNkuiy7HzX/Ljng4Y0hAoiw4/3hQTCFYw+ub8+a2pRA=="
		},
		"node_modules/magic-string": {
			"version": "0.26.7",
			"resolved": "https://registry.npmjs.org/magic-string/-/magic-string-0.26.7.tgz",
			"integrity": "sha512-hX9XH3ziStPoPhJxLq1syWuZMxbDvGNbVchfrdCtanC7D13888bMFow61x8axrx+GfHLtVeAx2kxL7tTGRl+Ow==",
			"dependencies": {
				"sourcemap-codec": "^1.4.8"
			},
			"engines": {
				"node": ">=12"
			}
		},
		"node_modules/sourcemap-codec": {
			"version": "1.4.8",
			"resolved": "https://registry.npmjs.org/sourcemap-codec/-/sourcemap-codec-1.4.8.tgz",
			"integrity": "sha512-9NykojV5Uih4lgo5So5dtw+f0JgJX30KCNI8gwhz2J9A15wD0Ml6tjHKwf6fTSa6fAdVBdZeNOs9eJ71qCk8vA=="
		}
	},
	"dependencies": {
		"es-module-lexer": {
			"version": "1.1.0",
			"resolved": "https://registry.npmjs.org/es-module-lexer/-/es-module-lexer-1.1.0.tgz",
			"integrity": "sha512-fJg+1tiyEeS8figV+fPcPpm8WqJEflG3yPU0NOm5xMvrNkuiy7HzX/Ljng4Y0hAoiw4/3hQTCFYw+ub8+a2pRA=="
		},
		"magic-string": {
			"version": "0.26.7",
			"resolved": "https://registry.npmjs.org/magic-string/-/magic-string-0.26.7.tgz",
			"integrity": "sha512-hX9XH3ziStPoPhJxLq1syWuZMxbDvGNbVchfrdCtanC7D13888bMFow61x8axrx+GfHLtVeAx2kxL7tTGRl+Ow==",
			"requires": {
				"sourcemap-codec": "^1.4.8"
			}
		},
		"sourcemap-codec": {
			"version": "1.4.8",
			"resolved": "https://registry.npmjs.org/sourcemap-codec/-/sourcemap-codec-1.4.8.tgz",
			"integrity": "sha512-9NykojV5Uih4lgo5So5dtw+f0JgJX30KCNI8gwhz2J9A15wD0Ml6tjHKwf6fTSa6fAdVBdZeNOs9eJ71qCk8vA=="
		}
	}
}
